// !$*UTF8*$!
{
	archiveVersion = 1;
	classes = {
	};
	objectVersion = 50;
	objects = {

/* Begin PBXBuildFile section */
		887424E4242CCC390045B6A8 /* SearchBar.swift in Sources */ = {isa = PBXBuildFile; fileRef = 887424E3242CCC390045B6A8 /* SearchBar.swift */; };
		887424E6242CD9860045B6A8 /* MapView.swift in Sources */ = {isa = PBXBuildFile; fileRef = 887424E5242CD9860045B6A8 /* MapView.swift */; };
		887424E8242D00410045B6A8 /* TopView.swift in Sources */ = {isa = PBXBuildFile; fileRef = 887424E7242D00410045B6A8 /* TopView.swift */; };
		887424EA242D00920045B6A8 /* WorldWideModel.swift in Sources */ = {isa = PBXBuildFile; fileRef = 887424E9242D00920045B6A8 /* WorldWideModel.swift */; };
		887424EC242D00C70045B6A8 /* WorldWideRequester.swift in Sources */ = {isa = PBXBuildFile; fileRef = 887424EB242D00C70045B6A8 /* WorldWideRequester.swift */; };
		88863428242C6078000DA6AC /* NetworkManager.swift in Sources */ = {isa = PBXBuildFile; fileRef = 88863427242C6078000DA6AC /* NetworkManager.swift */; };
		8886342A242C60B4000DA6AC /* Country.swift in Sources */ = {isa = PBXBuildFile; fileRef = 88863429242C60B4000DA6AC /* Country.swift */; };
		8886342C242C680E000DA6AC /* Details.swift in Sources */ = {isa = PBXBuildFile; fileRef = 8886342B242C680E000DA6AC /* Details.swift */; };
		8886342E242C6836000DA6AC /* CountryRow.swift in Sources */ = {isa = PBXBuildFile; fileRef = 8886342D242C6836000DA6AC /* CountryRow.swift */; };
		88863431242C6C49000DA6AC /* ActivityIndicator.swift in Sources */ = {isa = PBXBuildFile; fileRef = 88863430242C6C49000DA6AC /* ActivityIndicator.swift */; };
		88863433242C6C83000DA6AC /* ImageWithActivityIndicator.swift in Sources */ = {isa = PBXBuildFile; fileRef = 88863432242C6C83000DA6AC /* ImageWithActivityIndicator.swift */; };
		88863435242C6CA1000DA6AC /* ViewLoader.swift in Sources */ = {isa = PBXBuildFile; fileRef = 88863434242C6CA1000DA6AC /* ViewLoader.swift */; };
		88863439242C7621000DA6AC /* AsyncImage.swift in Sources */ = {isa = PBXBuildFile; fileRef = 88863438242C7621000DA6AC /* AsyncImage.swift */; };
		8886343B242C7644000DA6AC /* ImageCache.swift in Sources */ = {isa = PBXBuildFile; fileRef = 8886343A242C7644000DA6AC /* ImageCache.swift */; };
		8886343D242C766B000DA6AC /* ImageLoader.swift in Sources */ = {isa = PBXBuildFile; fileRef = 8886343C242C766B000DA6AC /* ImageLoader.swift */; };
		8886343F242C9B30000DA6AC /* CardView.swift in Sources */ = {isa = PBXBuildFile; fileRef = 8886343E242C9B30000DA6AC /* CardView.swift */; };
		8899908B242B9E990037164F /* AppDelegate.swift in Sources */ = {isa = PBXBuildFile; fileRef = 8899908A242B9E990037164F /* AppDelegate.swift */; };
		8899908D242B9E990037164F /* SceneDelegate.swift in Sources */ = {isa = PBXBuildFile; fileRef = 8899908C242B9E990037164F /* SceneDelegate.swift */; };
		8899908F242B9E990037164F /* ContentView.swift in Sources */ = {isa = PBXBuildFile; fileRef = 8899908E242B9E990037164F /* ContentView.swift */; };
		88999091242B9E9C0037164F /* Assets.xcassets in Resources */ = {isa = PBXBuildFile; fileRef = 88999090242B9E9C0037164F /* Assets.xcassets */; };
		88999094242B9E9C0037164F /* Preview Assets.xcassets in Resources */ = {isa = PBXBuildFile; fileRef = 88999093242B9E9C0037164F /* Preview Assets.xcassets */; };
		88999097242B9E9C0037164F /* LaunchScreen.storyboard in Resources */ = {isa = PBXBuildFile; fileRef = 88999095242B9E9C0037164F /* LaunchScreen.storyboard */; };
		889990A2242B9E9C0037164F /* COVID_19Tests.swift in Sources */ = {isa = PBXBuildFile; fileRef = 889990A1242B9E9C0037164F /* COVID_19Tests.swift */; };
/* End PBXBuildFile section */

/* Begin PBXContainerItemProxy section */
		8899909E242B9E9C0037164F /* PBXContainerItemProxy */ = {
			isa = PBXContainerItemProxy;
			containerPortal = 8899907F242B9E990037164F /* Project object */;
			proxyType = 1;
			remoteGlobalIDString = 88999086242B9E990037164F;
			remoteInfo = "COVID-19";
		};
/* End PBXContainerItemProxy section */

/* Begin PBXFileReference section */
		887424E3242CCC390045B6A8 /* SearchBar.swift */ = {isa = PBXFileReference; lastKnownFileType = sourcecode.swift; path = SearchBar.swift; sourceTree = "<group>"; };
		887424E5242CD9860045B6A8 /* MapView.swift */ = {isa = PBXFileReference; lastKnownFileType = sourcecode.swift; path = MapView.swift; sourceTree = "<group>"; };
		887424E7242D00410045B6A8 /* TopView.swift */ = {isa = PBXFileReference; lastKnownFileType = sourcecode.swift; path = TopView.swift; sourceTree = "<group>"; };
		887424E9242D00920045B6A8 /* WorldWideModel.swift */ = {isa = PBXFileReference; lastKnownFileType = sourcecode.swift; path = WorldWideModel.swift; sourceTree = "<group>"; };
		887424EB242D00C70045B6A8 /* WorldWideRequester.swift */ = {isa = PBXFileReference; lastKnownFileType = sourcecode.swift; path = WorldWideRequester.swift; sourceTree = "<group>"; };
		88863427242C6078000DA6AC /* NetworkManager.swift */ = {isa = PBXFileReference; lastKnownFileType = sourcecode.swift; path = NetworkManager.swift; sourceTree = "<group>"; };
		88863429242C60B4000DA6AC /* Country.swift */ = {isa = PBXFileReference; lastKnownFileType = sourcecode.swift; path = Country.swift; sourceTree = "<group>"; };
		8886342B242C680E000DA6AC /* Details.swift */ = {isa = PBXFileReference; lastKnownFileType = sourcecode.swift; path = Details.swift; sourceTree = "<group>"; };
		8886342D242C6836000DA6AC /* CountryRow.swift */ = {isa = PBXFileReference; lastKnownFileType = sourcecode.swift; path = CountryRow.swift; sourceTree = "<group>"; };
		88863430242C6C49000DA6AC /* ActivityIndicator.swift */ = {isa = PBXFileReference; lastKnownFileType = sourcecode.swift; path = ActivityIndicator.swift; sourceTree = "<group>"; };
		88863432242C6C83000DA6AC /* ImageWithActivityIndicator.swift */ = {isa = PBXFileReference; lastKnownFileType = sourcecode.swift; path = ImageWithActivityIndicator.swift; sourceTree = "<group>"; };
		88863434242C6CA1000DA6AC /* ViewLoader.swift */ = {isa = PBXFileReference; lastKnownFileType = sourcecode.swift; path = ViewLoader.swift; sourceTree = "<group>"; };
		88863438242C7621000DA6AC /* AsyncImage.swift */ = {isa = PBXFileReference; lastKnownFileType = sourcecode.swift; path = AsyncImage.swift; sourceTree = "<group>"; };
		8886343A242C7644000DA6AC /* ImageCache.swift */ = {isa = PBXFileReference; lastKnownFileType = sourcecode.swift; path = ImageCache.swift; sourceTree = "<group>"; };
		8886343C242C766B000DA6AC /* ImageLoader.swift */ = {isa = PBXFileReference; lastKnownFileType = sourcecode.swift; path = ImageLoader.swift; sourceTree = "<group>"; };
		8886343E242C9B30000DA6AC /* CardView.swift */ = {isa = PBXFileReference; lastKnownFileType = sourcecode.swift; path = CardView.swift; sourceTree = "<group>"; };
		88999087242B9E990037164F /* COVID-19.app */ = {isa = PBXFileReference; explicitFileType = wrapper.application; includeInIndex = 0; path = "COVID-19.app"; sourceTree = BUILT_PRODUCTS_DIR; };
		8899908A242B9E990037164F /* AppDelegate.swift */ = {isa = PBXFileReference; lastKnownFileType = sourcecode.swift; path = AppDelegate.swift; sourceTree = "<group>"; };
		8899908C242B9E990037164F /* SceneDelegate.swift */ = {isa = PBXFileReference; lastKnownFileType = sourcecode.swift; path = SceneDelegate.swift; sourceTree = "<group>"; };
		8899908E242B9E990037164F /* ContentView.swift */ = {isa = PBXFileReference; lastKnownFileType = sourcecode.swift; path = ContentView.swift; sourceTree = "<group>"; };
		88999090242B9E9C0037164F /* Assets.xcassets */ = {isa = PBXFileReference; lastKnownFileType = folder.assetcatalog; path = Assets.xcassets; sourceTree = "<group>"; };
		88999093242B9E9C0037164F /* Preview Assets.xcassets */ = {isa = PBXFileReference; lastKnownFileType = folder.assetcatalog; path = "Preview Assets.xcassets"; sourceTree = "<group>"; };
		88999096242B9E9C0037164F /* Base */ = {isa = PBXFileReference; lastKnownFileType = file.storyboard; name = Base; path = Base.lproj/LaunchScreen.storyboard; sourceTree = "<group>"; };
		88999098242B9E9C0037164F /* Info.plist */ = {isa = PBXFileReference; lastKnownFileType = text.plist.xml; path = Info.plist; sourceTree = "<group>"; };
		8899909D242B9E9C0037164F /* COVID-19Tests.xctest */ = {isa = PBXFileReference; explicitFileType = wrapper.cfbundle; includeInIndex = 0; path = "COVID-19Tests.xctest"; sourceTree = BUILT_PRODUCTS_DIR; };
		889990A1242B9E9C0037164F /* COVID_19Tests.swift */ = {isa = PBXFileReference; lastKnownFileType = sourcecode.swift; path = COVID_19Tests.swift; sourceTree = "<group>"; };
		889990A3242B9E9C0037164F /* Info.plist */ = {isa = PBXFileReference; lastKnownFileType = text.plist.xml; path = Info.plist; sourceTree = "<group>"; };
/* End PBXFileReference section */

/* Begin PBXFrameworksBuildPhase section */
		88999084242B9E990037164F /* Frameworks */ = {
			isa = PBXFrameworksBuildPhase;
			buildActionMask = 2147483647;
			files = (
			);
			runOnlyForDeploymentPostprocessing = 0;
		};
		8899909A242B9E9C0037164F /* Frameworks */ = {
			isa = PBXFrameworksBuildPhase;
			buildActionMask = 2147483647;
			files = (
			);
			runOnlyForDeploymentPostprocessing = 0;
		};
/* End PBXFrameworksBuildPhase section */

/* Begin PBXGroup section */
		8886342F242C6C2C000DA6AC /* ImageLoader */ = {
			isa = PBXGroup;
			children = (
				88863430242C6C49000DA6AC /* ActivityIndicator.swift */,
				88863432242C6C83000DA6AC /* ImageWithActivityIndicator.swift */,
				88863434242C6CA1000DA6AC /* ViewLoader.swift */,
				88863438242C7621000DA6AC /* AsyncImage.swift */,
				8886343A242C7644000DA6AC /* ImageCache.swift */,
				8886343C242C766B000DA6AC /* ImageLoader.swift */,
			);
			path = ImageLoader;
			sourceTree = "<group>";
		};
		8899907E242B9E990037164F = {
			isa = PBXGroup;
			children = (
				88999089242B9E990037164F /* COVID-19 */,
				889990A0242B9E9C0037164F /* COVID-19Tests */,
				88999088242B9E990037164F /* Products */,
			);
			sourceTree = "<group>";
		};
		88999088242B9E990037164F /* Products */ = {
			isa = PBXGroup;
			children = (
				88999087242B9E990037164F /* COVID-19.app */,
				8899909D242B9E9C0037164F /* COVID-19Tests.xctest */,
			);
			name = Products;
			sourceTree = "<group>";
		};
		88999089242B9E990037164F /* COVID-19 */ = {
			isa = PBXGroup;
			children = (
				8899908A242B9E990037164F /* AppDelegate.swift */,
				8899908C242B9E990037164F /* SceneDelegate.swift */,
				8899908E242B9E990037164F /* ContentView.swift */,
				8886342D242C6836000DA6AC /* CountryRow.swift */,
				8886342B242C680E000DA6AC /* Details.swift */,
				88863429242C60B4000DA6AC /* Country.swift */,
				88863427242C6078000DA6AC /* NetworkManager.swift */,
				887424EB242D00C70045B6A8 /* WorldWideRequester.swift */,
				8886343E242C9B30000DA6AC /* CardView.swift */,
				887424E5242CD9860045B6A8 /* MapView.swift */,
				887424E3242CCC390045B6A8 /* SearchBar.swift */,
				887424E7242D00410045B6A8 /* TopView.swift */,
				887424E9242D00920045B6A8 /* WorldWideModel.swift */,
				8886342F242C6C2C000DA6AC /* ImageLoader */,
				88999090242B9E9C0037164F /* Assets.xcassets */,
				88999095242B9E9C0037164F /* LaunchScreen.storyboard */,
				88999098242B9E9C0037164F /* Info.plist */,
				88999092242B9E9C0037164F /* Preview Content */,
			);
			path = "COVID-19";
			sourceTree = "<group>";
		};
		88999092242B9E9C0037164F /* Preview Content */ = {
			isa = PBXGroup;
			children = (
				88999093242B9E9C0037164F /* Preview Assets.xcassets */,
			);
			path = "Preview Content";
			sourceTree = "<group>";
		};
		889990A0242B9E9C0037164F /* COVID-19Tests */ = {
			isa = PBXGroup;
			children = (
				889990A1242B9E9C0037164F /* COVID_19Tests.swift */,
				889990A3242B9E9C0037164F /* Info.plist */,
			);
			path = "COVID-19Tests";
			sourceTree = "<group>";
		};
/* End PBXGroup section */

/* Begin PBXNativeTarget section */
		88999086242B9E990037164F /* COVID-19 */ = {
			isa = PBXNativeTarget;
			buildConfigurationList = 889990A6242B9E9C0037164F /* Build configuration list for PBXNativeTarget "COVID-19" */;
			buildPhases = (
				88999083242B9E990037164F /* Sources */,
				88999084242B9E990037164F /* Frameworks */,
				88999085242B9E990037164F /* Resources */,
			);
			buildRules = (
			);
			dependencies = (
			);
			name = "COVID-19";
			productName = "COVID-19";
			productReference = 88999087242B9E990037164F /* COVID-19.app */;
			productType = "com.apple.product-type.application";
		};
		8899909C242B9E9C0037164F /* COVID-19Tests */ = {
			isa = PBXNativeTarget;
			buildConfigurationList = 889990A9242B9E9C0037164F /* Build configuration list for PBXNativeTarget "COVID-19Tests" */;
			buildPhases = (
				88999099242B9E9C0037164F /* Sources */,
				8899909A242B9E9C0037164F /* Frameworks */,
				8899909B242B9E9C0037164F /* Resources */,
			);
			buildRules = (
			);
			dependencies = (
				8899909F242B9E9C0037164F /* PBXTargetDependency */,
			);
			name = "COVID-19Tests";
			productName = "COVID-19Tests";
			productReference = 8899909D242B9E9C0037164F /* COVID-19Tests.xctest */;
			productType = "com.apple.product-type.bundle.unit-test";
		};
/* End PBXNativeTarget section */

/* Begin PBXProject section */
		8899907F242B9E990037164F /* Project object */ = {
			isa = PBXProject;
			attributes = {
				LastSwiftUpdateCheck = 1130;
				LastUpgradeCheck = 1130;
				ORGANIZATIONNAME = "Santosh Botre";
				TargetAttributes = {
					88999086242B9E990037164F = {
						CreatedOnToolsVersion = 11.3.1;
					};
					8899909C242B9E9C0037164F = {
						CreatedOnToolsVersion = 11.3.1;
						TestTargetID = 88999086242B9E990037164F;
					};
				};
			};
			buildConfigurationList = 88999082242B9E990037164F /* Build configuration list for PBXProject "COVID-19" */;
			compatibilityVersion = "Xcode 9.3";
			developmentRegion = en;
			hasScannedForEncodings = 0;
			knownRegions = (
				en,
				Base,
			);
			mainGroup = 8899907E242B9E990037164F;
			productRefGroup = 88999088242B9E990037164F /* Products */;
			projectDirPath = "";
			projectRoot = "";
			targets = (
				88999086242B9E990037164F /* COVID-19 */,
				8899909C242B9E9C0037164F /* COVID-19Tests */,
			);
		};
/* End PBXProject section */

/* Begin PBXResourcesBuildPhase section */
		88999085242B9E990037164F /* Resources */ = {
			isa = PBXResourcesBuildPhase;
			buildActionMask = 2147483647;
			files = (
				88999097242B9E9C0037164F /* LaunchScreen.storyboard in Resources */,
				88999094242B9E9C0037164F /* Preview Assets.xcassets in Resources */,
				88999091242B9E9C0037164F /* Assets.xcassets in Resources */,
			);
			runOnlyForDeploymentPostprocessing = 0;
		};
		8899909B242B9E9C0037164F /* Resources */ = {
			isa = PBXResourcesBuildPhase;
			buildActionMask = 2147483647;
			files = (
			);
			runOnlyForDeploymentPostprocessing = 0;
		};
/* End PBXResourcesBuildPhase section */

/* Begin PBXSourcesBuildPhase section */
		88999083242B9E990037164F /* Sources */ = {
			isa = PBXSourcesBuildPhase;
			buildActionMask = 2147483647;
			files = (
				8886343F242C9B30000DA6AC /* CardView.swift in Sources */,
				887424E6242CD9860045B6A8 /* MapView.swift in Sources */,
				8886342E242C6836000DA6AC /* CountryRow.swift in Sources */,
				887424EA242D00920045B6A8 /* WorldWideModel.swift in Sources */,
				887424E4242CCC390045B6A8 /* SearchBar.swift in Sources */,
				88863428242C6078000DA6AC /* NetworkManager.swift in Sources */,
				887424EC242D00C70045B6A8 /* WorldWideRequester.swift in Sources */,
				8899908B242B9E990037164F /* AppDelegate.swift in Sources */,
				8886342C242C680E000DA6AC /* Details.swift in Sources */,
				887424E8242D00410045B6A8 /* TopView.swift in Sources */,
				88863431242C6C49000DA6AC /* ActivityIndicator.swift in Sources */,
				88863439242C7621000DA6AC /* AsyncImage.swift in Sources */,
				8886343B242C7644000DA6AC /* ImageCache.swift in Sources */,
				88863435242C6CA1000DA6AC /* ViewLoader.swift in Sources */,
				8899908D242B9E990037164F /* SceneDelegate.swift in Sources */,
				88863433242C6C83000DA6AC /* ImageWithActivityIndicator.swift in Sources */,
				8886342A242C60B4000DA6AC /* Country.swift in Sources */,
				8899908F242B9E990037164F /* ContentView.swift in Sources */,
				8886343D242C766B000DA6AC /* ImageLoader.swift in Sources */,
			);
			runOnlyForDeploymentPostprocessing = 0;
		};
		88999099242B9E9C0037164F /* Sources */ = {
			isa = PBXSourcesBuildPhase;
			buildActionMask = 2147483647;
			files = (
				889990A2242B9E9C0037164F /* COVID_19Tests.swift in Sources */,
			);
			runOnlyForDeploymentPostprocessing = 0;
		};
/* End PBXSourcesBuildPhase section */

/* Begin PBXTargetDependency section */
		8899909F242B9E9C0037164F /* PBXTargetDependency */ = {
			isa = PBXTargetDependency;
			target = 88999086242B9E990037164F /* COVID-19 */;
			targetProxy = 8899909E242B9E9C0037164F /* PBXContainerItemProxy */;
		};
/* End PBXTargetDependency section */

/* Begin PBXVariantGroup section */
		88999095242B9E9C0037164F /* LaunchScreen.storyboard */ = {
			isa = PBXVariantGroup;
			children = (
				88999096242B9E9C0037164F /* Base */,
			);
			name = LaunchScreen.storyboard;
			sourceTree = "<group>";
		};
/* End PBXVariantGroup section */

/* Begin XCBuildConfiguration section */
		889990A4242B9E9C0037164F /* Debug */ = {
			isa = XCBuildConfiguration;
			buildSettings = {
				ALWAYS_SEARCH_USER_PATHS = NO;
				CLANG_ANALYZER_NONNULL = YES;
				CLANG_ANALYZER_NUMBER_OBJECT_CONVERSION = YES_AGGRESSIVE;
				CLANG_CXX_LANGUAGE_STANDARD = "gnu++14";
				CLANG_CXX_LIBRARY = "libc++";
				CLANG_ENABLE_MODULES = YES;
				CLANG_ENABLE_OBJC_ARC = YES;
				CLANG_ENABLE_OBJC_WEAK = YES;
				CLANG_WARN_BLOCK_CAPTURE_AUTORELEASING = YES;
				CLANG_WARN_BOOL_CONVERSION = YES;
				CLANG_WARN_COMMA = YES;
				CLANG_WARN_CONSTANT_CONVERSION = YES;
				CLANG_WARN_DEPRECATED_OBJC_IMPLEMENTATIONS = YES;
				CLANG_WARN_DIRECT_OBJC_ISA_USAGE = YES_ERROR;
				CLANG_WARN_DOCUMENTATION_COMMENTS = YES;
				CLANG_WARN_EMPTY_BODY = YES;
				CLANG_WARN_ENUM_CONVERSION = YES;
				CLANG_WARN_INFINITE_RECURSION = YES;
				CLANG_WARN_INT_CONVERSION = YES;
				CLANG_WARN_NON_LITERAL_NULL_CONVERSION = YES;
				CLANG_WARN_OBJC_IMPLICIT_RETAIN_SELF = YES;
				CLANG_WARN_OBJC_LITERAL_CONVERSION = YES;
				CLANG_WARN_OBJC_ROOT_CLASS = YES_ERROR;
				CLANG_WARN_RANGE_LOOP_ANALYSIS = YES;
				CLANG_WARN_STRICT_PROTOTYPES = YES;
				CLANG_WARN_SUSPICIOUS_MOVE = YES;
				CLANG_WARN_UNGUARDED_AVAILABILITY = YES_AGGRESSIVE;
				CLANG_WARN_UNREACHABLE_CODE = YES;
				CLANG_WARN__DUPLICATE_METHOD_MATCH = YES;
				COPY_PHASE_STRIP = NO;
				DEBUG_INFORMATION_FORMAT = dwarf;
				ENABLE_STRICT_OBJC_MSGSEND = YES;
				ENABLE_TESTABILITY = YES;
				GCC_C_LANGUAGE_STANDARD = gnu11;
				GCC_DYNAMIC_NO_PIC = NO;
				GCC_NO_COMMON_BLOCKS = YES;
				GCC_OPTIMIZATION_LEVEL = 0;
				GCC_PREPROCESSOR_DEFINITIONS = (
					"DEBUG=1",
					"$(inherited)",
				);
				GCC_WARN_64_TO_32_BIT_CONVERSION = YES;
				GCC_WARN_ABOUT_RETURN_TYPE = YES_ERROR;
				GCC_WARN_UNDECLARED_SELECTOR = YES;
				GCC_WARN_UNINITIALIZED_AUTOS = YES_AGGRESSIVE;
				GCC_WARN_UNUSED_FUNCTION = YES;
				GCC_WARN_UNUSED_VARIABLE = YES;
				IPHONEOS_DEPLOYMENT_TARGET = 13.2;
				MTL_ENABLE_DEBUG_INFO = INCLUDE_SOURCE;
				MTL_FAST_MATH = YES;
				ONLY_ACTIVE_ARCH = YES;
				SDKROOT = iphoneos;
				SWIFT_ACTIVE_COMPILATION_CONDITIONS = DEBUG;
				SWIFT_OPTIMIZATION_LEVEL = "-Onone";
			};
			name = Debug;
		};
		889990A5242B9E9C0037164F /* Release */ = {
			isa = XCBuildConfiguration;
			buildSettings = {
				ALWAYS_SEARCH_USER_PATHS = NO;
				CLANG_ANALYZER_NONNULL = YES;
				CLANG_ANALYZER_NUMBER_OBJECT_CONVERSION = YES_AGGRESSIVE;
				CLANG_CXX_LANGUAGE_STANDARD = "gnu++14";
				CLANG_CXX_LIBRARY = "libc++";
				CLANG_ENABLE_MODULES = YES;
				CLANG_ENABLE_OBJC_ARC = YES;
				CLANG_ENABLE_OBJC_WEAK = YES;
				CLANG_WARN_BLOCK_CAPTURE_AUTORELEASING = YES;
				CLANG_WARN_BOOL_CONVERSION = YES;
				CLANG_WARN_COMMA = YES;
				CLANG_WARN_CONSTANT_CONVERSION = YES;
				CLANG_WARN_DEPRECATED_OBJC_IMPLEMENTATIONS = YES;
				CLANG_WARN_DIRECT_OBJC_ISA_USAGE = YES_ERROR;
				CLANG_WARN_DOCUMENTATION_COMMENTS = YES;
				CLANG_WARN_EMPTY_BODY = YES;
				CLANG_WARN_ENUM_CONVERSION = YES;
				CLANG_WARN_INFINITE_RECURSION = YES;
				CLANG_WARN_INT_CONVERSION = YES;
				CLANG_WARN_NON_LITERAL_NULL_CONVERSION = YES;
				CLANG_WARN_OBJC_IMPLICIT_RETAIN_SELF = YES;
				CLANG_WARN_OBJC_LITERAL_CONVERSION = YES;
				CLANG_WARN_OBJC_ROOT_CLASS = YES_ERROR;
				CLANG_WARN_RANGE_LOOP_ANALYSIS = YES;
				CLANG_WARN_STRICT_PROTOTYPES = YES;
				CLANG_WARN_SUSPICIOUS_MOVE = YES;
				CLANG_WARN_UNGUARDED_AVAILABILITY = YES_AGGRESSIVE;
				CLANG_WARN_UNREACHABLE_CODE = YES;
				CLANG_WARN__DUPLICATE_METHOD_MATCH = YES;
				COPY_PHASE_STRIP = NO;
				DEBUG_INFORMATION_FORMAT = "dwarf-with-dsym";
				ENABLE_NS_ASSERTIONS = NO;
				ENABLE_STRICT_OBJC_MSGSEND = YES;
				GCC_C_LANGUAGE_STANDARD = gnu11;
				GCC_NO_COMMON_BLOCKS = YES;
				GCC_WARN_64_TO_32_BIT_CONVERSION = YES;
				GCC_WARN_ABOUT_RETURN_TYPE = YES_ERROR;
				GCC_WARN_UNDECLARED_SELECTOR = YES;
				GCC_WARN_UNINITIALIZED_AUTOS = YES_AGGRESSIVE;
				GCC_WARN_UNUSED_FUNCTION = YES;
				GCC_WARN_UNUSED_VARIABLE = YES;
				IPHONEOS_DEPLOYMENT_TARGET = 13.2;
				MTL_ENABLE_DEBUG_INFO = NO;
				MTL_FAST_MATH = YES;
				SDKROOT = iphoneos;
				SWIFT_COMPILATION_MODE = wholemodule;
				SWIFT_OPTIMIZATION_LEVEL = "-O";
				VALIDATE_PRODUCT = YES;
			};
			name = Release;
		};
		889990A7242B9E9C0037164F /* Debug */ = {
			isa = XCBuildConfiguration;
			buildSettings = {
				ASSETCATALOG_COMPILER_APPICON_NAME = AppIcon;
				CODE_SIGN_STYLE = Automatic;
				DEVELOPMENT_ASSET_PATHS = "\"COVID-19/Preview Content\"";
				ENABLE_PREVIEWS = YES;
				INFOPLIST_FILE = "COVID-19/Info.plist";
				LD_RUNPATH_SEARCH_PATHS = (
					"$(inherited)",
					"@executable_path/Frameworks",
				);
				PRODUCT_BUNDLE_IDENTIFIER = "com.cybage.COVID-19";
				PRODUCT_NAME = "$(TARGET_NAME)";
				SWIFT_VERSION = 5.0;
				TARGETED_DEVICE_FAMILY = "1,2";
			};
			name = Debug;
		};
		889990A8242B9E9C0037164F /* Release */ = {
			isa = XCBuildConfiguration;
			buildSettings = {
				ASSETCATALOG_COMPILER_APPICON_NAME = AppIcon;
				CODE_SIGN_STYLE = Automatic;
				DEVELOPMENT_ASSET_PATHS = "\"COVID-19/Preview Content\"";
				ENABLE_PREVIEWS = YES;
				INFOPLIST_FILE = "COVID-19/Info.plist";
				LD_RUNPATH_SEARCH_PATHS = (
					"$(inherited)",
					"@executable_path/Frameworks",
				);
				PRODUCT_BUNDLE_IDENTIFIER = "com.cybage.COVID-19";
				PRODUCT_NAME = "$(TARGET_NAME)";
				SWIFT_VERSION = 5.0;
				TARGETED_DEVICE_FAMILY = "1,2";
			};
			name = Release;
		};
		889990AA242B9E9C0037164F /* Debug */ = {
			isa = XCBuildConfiguration;
			buildSettings = {
				ALWAYS_EMBED_SWIFT_STANDARD_LIBRARIES = YES;
				BUNDLE_LOADER = "$(TEST_HOST)";
				CODE_SIGN_STYLE = Automatic;
				INFOPLIST_FILE = "COVID-19Tests/Info.plist";
				IPHONEOS_DEPLOYMENT_TARGET = 13.2;
				LD_RUNPATH_SEARCH_PATHS = (
					"$(inherited)",
					"@executable_path/Frameworks",
					"@loader_path/Frameworks",
				);
				PRODUCT_BUNDLE_IDENTIFIER = "com.cybage.COVID-19Tests";
				PRODUCT_NAME = "$(TARGET_NAME)";
				SWIFT_VERSION = 5.0;
				TARGETED_DEVICE_FAMILY = "1,2";
				TEST_HOST = "$(BUILT_PRODUCTS_DIR)/COVID-19.app/COVID-19";
			};
			name = Debug;
		};
		889990AB242B9E9C0037164F /* Release */ = {
			isa = XCBuildConfiguration;
			buildSettings = {
				ALWAYS_EMBED_SWIFT_STANDARD_LIBRARIES = YES;
				BUNDLE_LOADER = "$(TEST_HOST)";
				CODE_SIGN_STYLE = Automatic;
				INFOPLIST_FILE = "COVID-19Tests/Info.plist";
				IPHONEOS_DEPLOYMENT_TARGET = 13.2;
				LD_RUNPATH_SEARCH_PATHS = (
					"$(inherited)",
					"@executable_path/Frameworks",
					"@loader_path/Frameworks",
				);
				PRODUCT_BUNDLE_IDENTIFIER = "com.cybage.COVID-19Tests";
				PRODUCT_NAME = "$(TARGET_NAME)";
				SWIFT_VERSION = 5.0;
				TARGETED_DEVICE_FAMILY = "1,2";
				TEST_HOST = "$(BUILT_PRODUCTS_DIR)/COVID-19.app/COVID-19";
			};
			name = Release;
		};
/* End XCBuildConfiguration section */

/* Begin XCConfigurationList section */
		88999082242B9E990037164F /* Build configuration list for PBXProject "COVID-19" */ = {
			isa = XCConfigurationList;
			buildConfigurations = (
				889990A4242B9E9C0037164F /* Debug */,
				889990A5242B9E9C0037164F /* Release */,
			);
			defaultConfigurationIsVisible = 0;
			defaultConfigurationName = Release;
		};
		889990A6242B9E9C0037164F /* Build configuration list for PBXNativeTarget "COVID-19" */ = {
			isa = XCConfigurationList;
			buildConfigurations = (
				889990A7242B9E9C0037164F /* Debug */,
				889990A8242B9E9C0037164F /* Release */,
			);
			defaultConfigurationIsVisible = 0;
			defaultConfigurationName = Release;
		};
		889990A9242B9E9C0037164F /* Build configuration list for PBXNativeTarget "COVID-19Tests" */ = {
			isa = XCConfigurationList;
			buildConfigurations = (
				889990AA242B9E9C0037164F /* Debug */,
				889990AB242B9E9C0037164F /* Release */,
			);
			defaultConfigurationIsVisible = 0;
			defaultConfigurationName = Release;
		};
/* End XCConfigurationList section */
	};
	rootObject = 8899907F242B9E990037164F /* Project object */;
}
